
Microsoft Visual Studio Solution File, Format Version 12.00
# Visual Studio Version 16
VisualStudioVersion = 16.0.29709.97
MinimumVisualStudioVersion = 10.0.40219.1
Project("{FAE04EC0-301F-11D3-BF4B-00C04F79EFBC}") = "HashCode_Books", "HashCode_Books\HashCode_Books.csproj", "{E0713E7E-7873-41F3-8E8C-34A67EAC1ACE}"
EndProject
Global
	GlobalSection(SolutionConfigurationPlatforms) = preSolution
		Debug|Any CPU = Debug|Any CPU
		Release|Any CPU = Release|Any CPU
	EndGlobalSection
	GlobalSection(ProjectConfigurationPlatforms) = postSolution
		{E0713E7E-7873-41F3-8E8C-34A67EAC1ACE}.Debug|Any CPU.ActiveCfg = Debug|Any CPU
		{E0713E7E-7873-41F3-8E8C-34A67EAC1ACE}.Debug|Any CPU.Build.0 = Debug|Any CPU
		{E0713E7E-7873-41F3-8E8C-34A67EAC1ACE}.Release|Any CPU.ActiveCfg = Release|Any CPU
		{E0713E7E-7873-41F3-8E8C-34A67EAC1ACE}.Release|Any CPU.Build.0 = Release|Any CPU
	EndGlobalSection
	GlobalSection(SolutionProperties) = preSolution
		HideSolutionNode = FALSE
	EndGlobalSection
	GlobalSection(ExtensibilityGlobals) = postSolution
		SolutionGuid = {72BE173A-1390-4218-A877-A756947B6E8F}
	EndGlobalSection
EndGlobal
